
Microsoft Visual Studio Solution File, Format Version 12.00
# Visual Studio 14
VisualStudioVersion = 14.0.25420.1
MinimumVisualStudioVersion = 10.0.40219.1
Project("{FAE04EC0-301F-11D3-BF4B-00C04F79EFBC}") = "EmptyMVXProj", "EmptyMVXProj\EmptyMVXProj.csproj", "{09DCA742-E0C8-4C7A-9E3F-5C1685212519}"
EndProject
Project("{FAE04EC0-301F-11D3-BF4B-00C04F79EFBC}") = "EmptyMVXProjCore", "EmptyMVXProjCore\EmptyMVXProjCore.csproj", "{2202A22E-C5F9-4DE3-8ACC-798FE84065B6}"
EndProject
Global
	GlobalSection(SolutionConfigurationPlatforms) = preSolution
		Debug|Any CPU = Debug|Any CPU
		Release|Any CPU = Release|Any CPU
	EndGlobalSection
	GlobalSection(ProjectConfigurationPlatforms) = postSolution
		{09DCA742-E0C8-4C7A-9E3F-5C1685212519}.Debug|Any CPU.ActiveCfg = Debug|Any CPU
		{09DCA742-E0C8-4C7A-9E3F-5C1685212519}.Debug|Any CPU.Build.0 = Debug|Any CPU
		{09DCA742-E0C8-4C7A-9E3F-5C1685212519}.Release|Any CPU.ActiveCfg = Release|Any CPU
		{09DCA742-E0C8-4C7A-9E3F-5C1685212519}.Release|Any CPU.Build.0 = Release|Any CPU
		{2202A22E-C5F9-4DE3-8ACC-798FE84065B6}.Debug|Any CPU.ActiveCfg = Debug|Any CPU
		{2202A22E-C5F9-4DE3-8ACC-798FE84065B6}.Debug|Any CPU.Build.0 = Debug|Any CPU
		{2202A22E-C5F9-4DE3-8ACC-798FE84065B6}.Release|Any CPU.ActiveCfg = Release|Any CPU
		{2202A22E-C5F9-4DE3-8ACC-798FE84065B6}.Release|Any CPU.Build.0 = Release|Any CPU
	EndGlobalSection
	GlobalSection(SolutionProperties) = preSolution
		HideSolutionNode = FALSE
	EndGlobalSection
EndGlobal
